{
  "nodes": {
    "fenix": {
      "inputs": {
        "nixpkgs": "nixpkgs",
        "rust-analyzer-src": "rust-analyzer-src"
      },
      "locked": {
        "lastModified": 1679984598,
        "narHash": "sha256-0WLOZveWNqfLbG04AokSLBvt13uH0obEXHCaHJJzYQQ=",
        "owner": "nix-community",
        "repo": "fenix",
        "rev": "cd1d2eb0f33b0dde9c2a95b56e4ca823873859ef",
        "type": "github"
      },
      "original": {
        "id": "fenix",
        "type": "indirect"
      }
    },
    "home": {
      "inputs": {
        "nixpkgs": [
          "nixpkgs"
        ],
        "utils": "utils"
      },
      "locked": {
        "narHash": "sha256-CvqRbsyDW756EskojZptDU590rez29RcHDV3ezoze08=",
        "type": "tarball",
        "url": "https://github.com/nix-community/home-manager/archive/release-22.11.tar.gz"
      },
      "original": {
        "type": "tarball",
        "url": "https://github.com/nix-community/home-manager/archive/release-22.11.tar.gz"
      }
    },
    "nixpkgs": {
      "locked": {
        "lastModified": 1679865578,
        "narHash": "sha256-sYQmxxqIYL3QFsRYjW0AufhGur8qWfwoOGPGHRJZlGc=",
        "owner": "nixos",
        "repo": "nixpkgs",
        "rev": "4361baa782dc3d3b35fd455a1adc370681d9187c",
        "type": "github"
      },
      "original": {
        "owner": "nixos",
        "ref": "nixos-unstable",
        "repo": "nixpkgs",
        "type": "github"
      }
    },
    "nixpkgs_2": {
      "locked": {
        "lastModified": 1679996993,
        "narHash": "sha256-z5emJi9SZsH7hXQ97OuuvvCau7QuNFt8BpwbjNQdA5w=",
        "owner": "nixos",
        "repo": "nixpkgs",
        "rev": "1e87cf2595f8acb3519990c7be693fd1d8d49b19",
        "type": "github"
      },
      "original": {
        "owner": "nixos",
        "ref": "nixpkgs-22.11-darwin",
        "repo": "nixpkgs",
        "type": "github"
      }
    },
    "root": {
      "inputs": {
        "fenix": "fenix",
        "home": "home",
        "nixpkgs": "nixpkgs_2",
        "trunk": "trunk"
      }
    },
    "rust-analyzer-src": {
      "flake": false,
      "locked": {
        "lastModified": 1679958651,
        "narHash": "sha256-AOiqocXIFeAvEMv8VSQQU+omhU9ifgGj43IcHwsu3rg=",
        "owner": "rust-lang",
        "repo": "rust-analyzer",
        "rev": "a869ca3c29c19c7467864fc44a28877610433afe",
        "type": "github"
      },
      "original": {
        "owner": "rust-lang",
        "ref": "nightly",
        "repo": "rust-analyzer",
        "type": "github"
      }
    },
    "trunk": {
      "locked": {
        "lastModified": 1680028833,
        "narHash": "sha256-pq9V7VkGocyNz4yg5y8/bvmwAhy9r/jwjfyQO5W5eNE=",
        "owner": "nixos",
        "repo": "nixpkgs",
        "rev": "080bafb870eca3656aa3f410826e2d5fcfeaca94",
        "type": "github"
      },
      "original": {
        "owner": "nixos",
        "repo": "nixpkgs",
        "type": "github"
      }
    },
    "utils": {
      "locked": {
        "lastModified": 1667395993,
        "narHash": "sha256-nuEHfE/LcWyuSWnS8t12N1wc105Qtau+/OdUAjtQ0rA=",
        "owner": "numtide",
        "repo": "flake-utils",
        "rev": "5aed5285a952e0b949eb3ba02c12fa4fcfef535f",
        "type": "github"
      },
      "original": {
        "owner": "numtide",
        "repo": "flake-utils",
        "type": "github"
      }
    }
  },
  "root": "root",
  "version": 7
}
